
Microsoft Visual Studio Solution File, Format Version 12.00
# Visual Studio 15
VisualStudioVersion = 15.0.28307.572
MinimumVisualStudioVersion = 10.0.40219.1
Project("{FAE04EC0-301F-11D3-BF4B-00C04F79EFBC}") = "NLogViewer", "NLogViewer\NLogViewer.csproj", "{B77BB078-71AF-4C1D-A204-025F7E98C0EC}"
EndProject
Global
	GlobalSection(SolutionConfigurationPlatforms) = preSolution
		Debug|Any CPU = Debug|Any CPU
		Release|Any CPU = Release|Any CPU
	EndGlobalSection
	GlobalSection(ProjectConfigurationPlatforms) = postSolution
		{B77BB078-71AF-4C1D-A204-025F7E98C0EC}.Debug|Any CPU.ActiveCfg = Debug|Any CPU
		{B77BB078-71AF-4C1D-A204-025F7E98C0EC}.Debug|Any CPU.Build.0 = Debug|Any CPU
		{B77BB078-71AF-4C1D-A204-025F7E98C0EC}.Release|Any CPU.ActiveCfg = Release|Any CPU
		{B77BB078-71AF-4C1D-A204-025F7E98C0EC}.Release|Any CPU.Build.0 = Release|Any CPU
	EndGlobalSection
	GlobalSection(SolutionProperties) = preSolution
		HideSolutionNode = FALSE
	EndGlobalSection
	GlobalSection(ExtensibilityGlobals) = postSolution
		SolutionGuid = {1E0D605A-BC9A-45B2-BF76-0947C47693A6}
	EndGlobalSection
EndGlobal
